# This file is automatically @generated by Cargo.
# It is not intended for manual editing.
version = 4

[[package]]
name = "common"
version = "0.1.0"

[[package]]
name = "contract_algebra"
version = "0.1.0"
dependencies = [
 "common",
]

[[package]]
name = "mc_algo"
version = "0.1.0"
dependencies = [
 "common",
 "contract_algebra",
]

[[package]]
name = "pricer_cli"
version = "0.1.0"
dependencies = [
 "common",
 "contract_algebra",
 "mc_algo",
]
